
Microsoft Visual Studio Solution File, Format Version 12.00
# Visual Studio 15
VisualStudioVersion = 15.0.27130.2027
MinimumVisualStudioVersion = 10.0.40219.1
Project("{FAE04EC0-301F-11D3-BF4B-00C04F79EFBC}") = "Advokat", "Advokat\Advokat.csproj", "{8517C2B1-8DA4-4B8E-93FB-BABE33995371}"
EndProject
Global
	GlobalSection(SolutionConfigurationPlatforms) = preSolution
		Debug|Any CPU = Debug|Any CPU
		Release|Any CPU = Release|Any CPU
	EndGlobalSection
	GlobalSection(ProjectConfigurationPlatforms) = postSolution
		{8517C2B1-8DA4-4B8E-93FB-BABE33995371}.Debug|Any CPU.ActiveCfg = Debug|Any CPU
		{8517C2B1-8DA4-4B8E-93FB-BABE33995371}.Debug|Any CPU.Build.0 = Debug|Any CPU
		{8517C2B1-8DA4-4B8E-93FB-BABE33995371}.Release|Any CPU.ActiveCfg = Release|Any CPU
		{8517C2B1-8DA4-4B8E-93FB-BABE33995371}.Release|Any CPU.Build.0 = Release|Any CPU
	EndGlobalSection
	GlobalSection(SolutionProperties) = preSolution
		HideSolutionNode = FALSE
	EndGlobalSection
	GlobalSection(ExtensibilityGlobals) = postSolution
		SolutionGuid = {CE1A0E1A-F9C2-4AF7-838D-DD9BBC6F4FBD}
	EndGlobalSection
EndGlobal
